
Microsoft Visual Studio Solution File, Format Version 12.00
# Visual Studio Version 17
VisualStudioVersion = 17.10.34916.146
MinimumVisualStudioVersion = 10.0.40219.1
Project("{9A19103F-16F7-4668-BE54-9A1E7A4F7556}") = "Budget", "Service\Budget.csproj", "{9CB16F02-695D-4BD3-AF5E-B7359F1AC680}"
EndProject
Project("{E53339B2-1760-4266-BCC7-CA923CBCF16C}") = "docker-compose", "docker-compose.dcproj", "{71F2CECD-E6E4-4762-A13F-9FD5D13C4900}"
EndProject
Global
	GlobalSection(SolutionConfigurationPlatforms) = preSolution
		Debug|Any CPU = Debug|Any CPU
		Release|Any CPU = Release|Any CPU
	EndGlobalSection
	GlobalSection(ProjectConfigurationPlatforms) = postSolution
		{9CB16F02-695D-4BD3-AF5E-B7359F1AC680}.Debug|Any CPU.ActiveCfg = Debug|Any CPU
		{9CB16F02-695D-4BD3-AF5E-B7359F1AC680}.Debug|Any CPU.Build.0 = Debug|Any CPU
		{9CB16F02-695D-4BD3-AF5E-B7359F1AC680}.Release|Any CPU.ActiveCfg = Release|Any CPU
		{9CB16F02-695D-4BD3-AF5E-B7359F1AC680}.Release|Any CPU.Build.0 = Release|Any CPU
		{71F2CECD-E6E4-4762-A13F-9FD5D13C4900}.Debug|Any CPU.ActiveCfg = Debug|Any CPU
		{71F2CECD-E6E4-4762-A13F-9FD5D13C4900}.Debug|Any CPU.Build.0 = Debug|Any CPU
		{71F2CECD-E6E4-4762-A13F-9FD5D13C4900}.Release|Any CPU.ActiveCfg = Release|Any CPU
		{71F2CECD-E6E4-4762-A13F-9FD5D13C4900}.Release|Any CPU.Build.0 = Release|Any CPU
	EndGlobalSection
	GlobalSection(SolutionProperties) = preSolution
		HideSolutionNode = FALSE
	EndGlobalSection
	GlobalSection(ExtensibilityGlobals) = postSolution
		SolutionGuid = {E1C4DE14-A1F1-4DFD-8E55-75290A088B2C}
	EndGlobalSection
EndGlobal
